// !$*UTF8*$!
{
	archiveVersion = 1;
	classes = {
	};
	objectVersion = 52;
	objects = {

/* Begin PBXBuildFile section */
		5A301EF626218D2000EC2347 /* AppDelegate.swift in Sources */ = {isa = PBXBuildFile; fileRef = 5A301EF526218D2000EC2347 /* AppDelegate.swift */; };
		5A301EF826218D2000EC2347 /* SceneDelegate.swift in Sources */ = {isa = PBXBuildFile; fileRef = 5A301EF726218D2000EC2347 /* SceneDelegate.swift */; };
		5A301EFA26218D2000EC2347 /* AchievementsListViewController.swift in Sources */ = {isa = PBXBuildFile; fileRef = 5A301EF926218D2000EC2347 /* AchievementsListViewController.swift */; };
		5A301EFD26218D2000EC2347 /* Main.storyboard in Resources */ = {isa = PBXBuildFile; fileRef = 5A301EFB26218D2000EC2347 /* Main.storyboard */; };
		5A301EFF26218D2200EC2347 /* Assets.xcassets in Resources */ = {isa = PBXBuildFile; fileRef = 5A301EFE26218D2200EC2347 /* Assets.xcassets */; };
		5A301F0226218D2200EC2347 /* LaunchScreen.storyboard in Resources */ = {isa = PBXBuildFile; fileRef = 5A301F0026218D2200EC2347 /* LaunchScreen.storyboard */; };
		5A301F0D26218D2200EC2347 /* StashTests.swift in Sources */ = {isa = PBXBuildFile; fileRef = 5A301F0C26218D2200EC2347 /* StashTests.swift */; };
		5A301F1826218D2200EC2347 /* StashUITests.swift in Sources */ = {isa = PBXBuildFile; fileRef = 5A301F1726218D2200EC2347 /* StashUITests.swift */; };
		5AA2679026285C9E009FCEA4 /* AchievementsListRouter.swift in Sources */ = {isa = PBXBuildFile; fileRef = 5AA2678F26285C9E009FCEA4 /* AchievementsListRouter.swift */; };
		5AA267AB26286CAF009FCEA4 /* Kingfisher in Frameworks */ = {isa = PBXBuildFile; productRef = 5AA267AA26286CAF009FCEA4 /* Kingfisher */; };
		5AB7AD062628A2F30051696F /* AchievementListViewModel.swift in Sources */ = {isa = PBXBuildFile; fileRef = 5AB7AD052628A2F30051696F /* AchievementListViewModel.swift */; };
		5AB7AD0B2628A62A0051696F /* AchievementListCell.swift in Sources */ = {isa = PBXBuildFile; fileRef = 5AB7AD0A2628A62A0051696F /* AchievementListCell.swift */; };
		5AB7AD1D2628ACCF0051696F /* Localizable.strings in Resources */ = {isa = PBXBuildFile; fileRef = 5AB7AD1F2628ACCF0051696F /* Localizable.strings */; };
		5AB7AD292628B1560051696F /* AchievementsListPresenterTests.swift in Sources */ = {isa = PBXBuildFile; fileRef = 5AB7AD282628B1560051696F /* AchievementsListPresenterTests.swift */; };
		5AC839722628393C00A9F319 /* AchievementsListPresenter.swift in Sources */ = {isa = PBXBuildFile; fileRef = 5AC839712628393C00A9F319 /* AchievementsListPresenter.swift */; };
		5AC8397A26283C8C00A9F319 /* AchievementsListInteractor.swift in Sources */ = {isa = PBXBuildFile; fileRef = 5AC8397926283C8C00A9F319 /* AchievementsListInteractor.swift */; };
		5AC8397F2628477200A9F319 /* AchievementRepository.swift in Sources */ = {isa = PBXBuildFile; fileRef = 5AC8397E2628477200A9F319 /* AchievementRepository.swift */; };
		5AC8398726284AE200A9F319 /* Achievement.swift in Sources */ = {isa = PBXBuildFile; fileRef = 5AC8398626284AE200A9F319 /* Achievement.swift */; };
		5AC8398D26284BCC00A9F319 /* achievements.json in Resources */ = {isa = PBXBuildFile; fileRef = 5AC8398C26284BCC00A9F319 /* achievements.json */; };
		5AC8399326284E4400A9F319 /* AchievementsListService.swift in Sources */ = {isa = PBXBuildFile; fileRef = 5AC8399226284E4400A9F319 /* AchievementsListService.swift */; };
		5AC839A026284EBF00A9F319 /* AchievementError.swift in Sources */ = {isa = PBXBuildFile; fileRef = 5AC8399F26284EBF00A9F319 /* AchievementError.swift */; };
/* End PBXBuildFile section */

/* Begin PBXContainerItemProxy section */
		5A301F0926218D2200EC2347 /* PBXContainerItemProxy */ = {
			isa = PBXContainerItemProxy;
			containerPortal = 5A301EEA26218D1F00EC2347 /* Project object */;
			proxyType = 1;
			remoteGlobalIDString = 5A301EF126218D1F00EC2347;
			remoteInfo = Stash;
		};
		5A301F1426218D2200EC2347 /* PBXContainerItemProxy */ = {
			isa = PBXContainerItemProxy;
			containerPortal = 5A301EEA26218D1F00EC2347 /* Project object */;
			proxyType = 1;
			remoteGlobalIDString = 5A301EF126218D1F00EC2347;
			remoteInfo = Stash;
		};
/* End PBXContainerItemProxy section */

/* Begin PBXFileReference section */
		5A301EF226218D2000EC2347 /* Stash.app */ = {isa = PBXFileReference; explicitFileType = wrapper.application; includeInIndex = 0; path = Stash.app; sourceTree = BUILT_PRODUCTS_DIR; };
		5A301EF526218D2000EC2347 /* AppDelegate.swift */ = {isa = PBXFileReference; lastKnownFileType = sourcecode.swift; path = AppDelegate.swift; sourceTree = "<group>"; };
		5A301EF726218D2000EC2347 /* SceneDelegate.swift */ = {isa = PBXFileReference; lastKnownFileType = sourcecode.swift; path = SceneDelegate.swift; sourceTree = "<group>"; };
		5A301EF926218D2000EC2347 /* AchievementsListViewController.swift */ = {isa = PBXFileReference; lastKnownFileType = sourcecode.swift; path = AchievementsListViewController.swift; sourceTree = "<group>"; };
		5A301EFC26218D2000EC2347 /* Base */ = {isa = PBXFileReference; lastKnownFileType = file.storyboard; name = Base; path = Base.lproj/Main.storyboard; sourceTree = "<group>"; };
		5A301EFE26218D2200EC2347 /* Assets.xcassets */ = {isa = PBXFileReference; lastKnownFileType = folder.assetcatalog; path = Assets.xcassets; sourceTree = "<group>"; };
		5A301F0126218D2200EC2347 /* Base */ = {isa = PBXFileReference; lastKnownFileType = file.storyboard; name = Base; path = Base.lproj/LaunchScreen.storyboard; sourceTree = "<group>"; };
		5A301F0326218D2200EC2347 /* Info.plist */ = {isa = PBXFileReference; lastKnownFileType = text.plist.xml; path = Info.plist; sourceTree = "<group>"; };
		5A301F0826218D2200EC2347 /* StashTests.xctest */ = {isa = PBXFileReference; explicitFileType = wrapper.cfbundle; includeInIndex = 0; path = StashTests.xctest; sourceTree = BUILT_PRODUCTS_DIR; };
		5A301F0C26218D2200EC2347 /* StashTests.swift */ = {isa = PBXFileReference; lastKnownFileType = sourcecode.swift; path = StashTests.swift; sourceTree = "<group>"; };
		5A301F0E26218D2200EC2347 /* Info.plist */ = {isa = PBXFileReference; lastKnownFileType = text.plist.xml; path = Info.plist; sourceTree = "<group>"; };
		5A301F1326218D2200EC2347 /* StashUITests.xctest */ = {isa = PBXFileReference; explicitFileType = wrapper.cfbundle; includeInIndex = 0; path = StashUITests.xctest; sourceTree = BUILT_PRODUCTS_DIR; };
		5A301F1726218D2200EC2347 /* StashUITests.swift */ = {isa = PBXFileReference; lastKnownFileType = sourcecode.swift; path = StashUITests.swift; sourceTree = "<group>"; };
		5A301F1926218D2200EC2347 /* Info.plist */ = {isa = PBXFileReference; lastKnownFileType = text.plist.xml; path = Info.plist; sourceTree = "<group>"; };
		5AA2678F26285C9E009FCEA4 /* AchievementsListRouter.swift */ = {isa = PBXFileReference; lastKnownFileType = sourcecode.swift; path = AchievementsListRouter.swift; sourceTree = "<group>"; };
		5AB7AD052628A2F30051696F /* AchievementListViewModel.swift */ = {isa = PBXFileReference; lastKnownFileType = sourcecode.swift; path = AchievementListViewModel.swift; sourceTree = "<group>"; };
		5AB7AD0A2628A62A0051696F /* AchievementListCell.swift */ = {isa = PBXFileReference; lastKnownFileType = sourcecode.swift; path = AchievementListCell.swift; sourceTree = "<group>"; };
		5AB7AD182628AC330051696F /* fr */ = {isa = PBXFileReference; lastKnownFileType = text.plist.strings; name = fr; path = fr.lproj/LaunchScreen.strings; sourceTree = "<group>"; };
		5AB7AD192628AC330051696F /* fr */ = {isa = PBXFileReference; lastKnownFileType = text.plist.strings; name = fr; path = fr.lproj/Main.strings; sourceTree = "<group>"; };
		5AB7AD1E2628ACCF0051696F /* en */ = {isa = PBXFileReference; lastKnownFileType = text.plist.strings; name = en; path = en.lproj/Localizable.strings; sourceTree = "<group>"; };
		5AB7AD232628AD310051696F /* fr */ = {isa = PBXFileReference; lastKnownFileType = text.plist.strings; name = fr; path = fr.lproj/Localizable.strings; sourceTree = "<group>"; };
		5AB7AD282628B1560051696F /* AchievementsListPresenterTests.swift */ = {isa = PBXFileReference; lastKnownFileType = sourcecode.swift; path = AchievementsListPresenterTests.swift; sourceTree = "<group>"; };
		5AC839712628393C00A9F319 /* AchievementsListPresenter.swift */ = {isa = PBXFileReference; lastKnownFileType = sourcecode.swift; path = AchievementsListPresenter.swift; sourceTree = "<group>"; };
		5AC8397926283C8C00A9F319 /* AchievementsListInteractor.swift */ = {isa = PBXFileReference; lastKnownFileType = sourcecode.swift; path = AchievementsListInteractor.swift; sourceTree = "<group>"; };
		5AC8397E2628477200A9F319 /* AchievementRepository.swift */ = {isa = PBXFileReference; lastKnownFileType = sourcecode.swift; path = AchievementRepository.swift; sourceTree = "<group>"; };
		5AC8398626284AE200A9F319 /* Achievement.swift */ = {isa = PBXFileReference; lastKnownFileType = sourcecode.swift; path = Achievement.swift; sourceTree = "<group>"; };
		5AC8398C26284BCC00A9F319 /* achievements.json */ = {isa = PBXFileReference; fileEncoding = 4; lastKnownFileType = text.json; path = achievements.json; sourceTree = "<group>"; };
		5AC8399226284E4400A9F319 /* AchievementsListService.swift */ = {isa = PBXFileReference; lastKnownFileType = sourcecode.swift; path = AchievementsListService.swift; sourceTree = "<group>"; };
		5AC8399F26284EBF00A9F319 /* AchievementError.swift */ = {isa = PBXFileReference; lastKnownFileType = sourcecode.swift; path = AchievementError.swift; sourceTree = "<group>"; };
/* End PBXFileReference section */

/* Begin PBXFrameworksBuildPhase section */
		5A301EEF26218D1F00EC2347 /* Frameworks */ = {
			isa = PBXFrameworksBuildPhase;
			buildActionMask = 2147483647;
			files = (
				5AA267AB26286CAF009FCEA4 /* Kingfisher in Frameworks */,
			);
			runOnlyForDeploymentPostprocessing = 0;
		};
		5A301F0526218D2200EC2347 /* Frameworks */ = {
			isa = PBXFrameworksBuildPhase;
			buildActionMask = 2147483647;
			files = (
			);
			runOnlyForDeploymentPostprocessing = 0;
		};
		5A301F1026218D2200EC2347 /* Frameworks */ = {
			isa = PBXFrameworksBuildPhase;
			buildActionMask = 2147483647;
			files = (
			);
			runOnlyForDeploymentPostprocessing = 0;
		};
/* End PBXFrameworksBuildPhase section */

/* Begin PBXGroup section */
		5A301EE926218D1F00EC2347 = {
			isa = PBXGroup;
			children = (
				5A301EF426218D2000EC2347 /* Stash */,
				5A301F0B26218D2200EC2347 /* StashTests */,
				5A301F1626218D2200EC2347 /* StashUITests */,
				5A301EF326218D2000EC2347 /* Products */,
			);
			sourceTree = "<group>";
		};
		5A301EF326218D2000EC2347 /* Products */ = {
			isa = PBXGroup;
			children = (
				5A301EF226218D2000EC2347 /* Stash.app */,
				5A301F0826218D2200EC2347 /* StashTests.xctest */,
				5A301F1326218D2200EC2347 /* StashUITests.xctest */,
			);
			name = Products;
			sourceTree = "<group>";
		};
		5A301EF426218D2000EC2347 /* Stash */ = {
			isa = PBXGroup;
			children = (
				5AB7ACE626289CFB0051696F /* Application */,
				5AC8398B26284BBE00A9F319 /* Resources */,
				5AC8396F2628391500A9F319 /* Scenes */,
			);
			path = Stash;
			sourceTree = "<group>";
		};
		5A301F0B26218D2200EC2347 /* StashTests */ = {
			isa = PBXGroup;
			children = (
				5AB7AD272628B13B0051696F /* Presenter */,
				5A301F0C26218D2200EC2347 /* StashTests.swift */,
				5A301F0E26218D2200EC2347 /* Info.plist */,
			);
			path = StashTests;
			sourceTree = "<group>";
		};
		5A301F1626218D2200EC2347 /* StashUITests */ = {
			isa = PBXGroup;
			children = (
				5A301F1726218D2200EC2347 /* StashUITests.swift */,
				5A301F1926218D2200EC2347 /* Info.plist */,
			);
			path = StashUITests;
			sourceTree = "<group>";
		};
		5AA2678E26285C87009FCEA4 /* Router */ = {
			isa = PBXGroup;
			children = (
				5AA2678F26285C9E009FCEA4 /* AchievementsListRouter.swift */,
			);
			path = Router;
			sourceTree = "<group>";
		};
		5AB7ACE626289CFB0051696F /* Application */ = {
			isa = PBXGroup;
			children = (
				5A301EF526218D2000EC2347 /* AppDelegate.swift */,
				5A301EF726218D2000EC2347 /* SceneDelegate.swift */,
			);
			path = Application;
			sourceTree = "<group>";
		};
		5AB7AD122628A98B0051696F /* localisation */ = {
			isa = PBXGroup;
			children = (
				5AB7AD1F2628ACCF0051696F /* Localizable.strings */,
			);
			path = localisation;
			sourceTree = "<group>";
		};
		5AB7AD272628B13B0051696F /* Presenter */ = {
			isa = PBXGroup;
			children = (
				5AB7AD282628B1560051696F /* AchievementsListPresenterTests.swift */,
			);
			path = Presenter;
			sourceTree = "<group>";
		};
		5AC8396F2628391500A9F319 /* Scenes */ = {
			isa = PBXGroup;
			children = (
				5AC839702628392400A9F319 /* Investment */,
			);
			path = Scenes;
			sourceTree = "<group>";
		};
		5AC839702628392400A9F319 /* Investment */ = {
			isa = PBXGroup;
			children = (
				5AA2678E26285C87009FCEA4 /* Router */,
				5AC839AF2628576000A9F319 /* Presenter */,
				5AC839AB2628572C00A9F319 /* View */,
				5AC839A7262856DC00A9F319 /* Interactor */,
				5AC8399E26284EA900A9F319 /* Model */,
				5AC8399A26284E8000A9F319 /* Repository */,
				5AC8399126284D5700A9F319 /* Service  */,
			);
			path = Investment;
			sourceTree = "<group>";
		};
		5AC8398B26284BBE00A9F319 /* Resources */ = {
			isa = PBXGroup;
			children = (
				5A301EFE26218D2200EC2347 /* Assets.xcassets */,
				5A301F0026218D2200EC2347 /* LaunchScreen.storyboard */,
				5A301F0326218D2200EC2347 /* Info.plist */,
				5A301EFB26218D2000EC2347 /* Main.storyboard */,
				5AC8398C26284BCC00A9F319 /* achievements.json */,
			);
			path = Resources;
			sourceTree = "<group>";
		};
		5AC8399126284D5700A9F319 /* Service  */ = {
			isa = PBXGroup;
			children = (
				5AC8399226284E4400A9F319 /* AchievementsListService.swift */,
			);
			path = "Service ";
			sourceTree = "<group>";
		};
		5AC8399A26284E8000A9F319 /* Repository */ = {
			isa = PBXGroup;
			children = (
				5AC8397E2628477200A9F319 /* AchievementRepository.swift */,
			);
			path = Repository;
			sourceTree = "<group>";
		};
		5AC8399E26284EA900A9F319 /* Model */ = {
			isa = PBXGroup;
			children = (
				5AB7AD122628A98B0051696F /* localisation */,
				5AC8398626284AE200A9F319 /* Achievement.swift */,
				5AC8399F26284EBF00A9F319 /* AchievementError.swift */,
				5AB7AD052628A2F30051696F /* AchievementListViewModel.swift */,
			);
			path = Model;
			sourceTree = "<group>";
		};
		5AC839A7262856DC00A9F319 /* Interactor */ = {
			isa = PBXGroup;
			children = (
				5AC8397926283C8C00A9F319 /* AchievementsListInteractor.swift */,
			);
			path = Interactor;
			sourceTree = "<group>";
		};
		5AC839AB2628572C00A9F319 /* View */ = {
			isa = PBXGroup;
			children = (
				5A301EF926218D2000EC2347 /* AchievementsListViewController.swift */,
				5AB7AD0A2628A62A0051696F /* AchievementListCell.swift */,
			);
			path = View;
			sourceTree = "<group>";
		};
		5AC839AF2628576000A9F319 /* Presenter */ = {
			isa = PBXGroup;
			children = (
				5AC839712628393C00A9F319 /* AchievementsListPresenter.swift */,
			);
			path = Presenter;
			sourceTree = "<group>";
		};
/* End PBXGroup section */

/* Begin PBXNativeTarget section */
		5A301EF126218D1F00EC2347 /* Stash */ = {
			isa = PBXNativeTarget;
			buildConfigurationList = 5A301F1C26218D2200EC2347 /* Build configuration list for PBXNativeTarget "Stash" */;
			buildPhases = (
				5A301EEE26218D1F00EC2347 /* Sources */,
				5A301EEF26218D1F00EC2347 /* Frameworks */,
				5A301EF026218D1F00EC2347 /* Resources */,
				5AB7AD0126289EB90051696F /* ShellScript */,
			);
			buildRules = (
			);
			dependencies = (
			);
			name = Stash;
			packageProductDependencies = (
				5AA267AA26286CAF009FCEA4 /* Kingfisher */,
			);
			productName = Stash;
			productReference = 5A301EF226218D2000EC2347 /* Stash.app */;
			productType = "com.apple.product-type.application";
		};
		5A301F0726218D2200EC2347 /* StashTests */ = {
			isa = PBXNativeTarget;
			buildConfigurationList = 5A301F1F26218D2200EC2347 /* Build configuration list for PBXNativeTarget "StashTests" */;
			buildPhases = (
				5A301F0426218D2200EC2347 /* Sources */,
				5A301F0526218D2200EC2347 /* Frameworks */,
				5A301F0626218D2200EC2347 /* Resources */,
			);
			buildRules = (
			);
			dependencies = (
				5A301F0A26218D2200EC2347 /* PBXTargetDependency */,
			);
			name = StashTests;
			productName = StashTests;
			productReference = 5A301F0826218D2200EC2347 /* StashTests.xctest */;
			productType = "com.apple.product-type.bundle.unit-test";
		};
		5A301F1226218D2200EC2347 /* StashUITests */ = {
			isa = PBXNativeTarget;
			buildConfigurationList = 5A301F2226218D2200EC2347 /* Build configuration list for PBXNativeTarget "StashUITests" */;
			buildPhases = (
				5A301F0F26218D2200EC2347 /* Sources */,
				5A301F1026218D2200EC2347 /* Frameworks */,
				5A301F1126218D2200EC2347 /* Resources */,
			);
			buildRules = (
			);
			dependencies = (
				5A301F1526218D2200EC2347 /* PBXTargetDependency */,
			);
			name = StashUITests;
			productName = StashUITests;
			productReference = 5A301F1326218D2200EC2347 /* StashUITests.xctest */;
			productType = "com.apple.product-type.bundle.ui-testing";
		};
/* End PBXNativeTarget section */

/* Begin PBXProject section */
		5A301EEA26218D1F00EC2347 /* Project object */ = {
			isa = PBXProject;
			attributes = {
				LastSwiftUpdateCheck = 1240;
				LastUpgradeCheck = 1240;
				TargetAttributes = {
					5A301EF126218D1F00EC2347 = {
						CreatedOnToolsVersion = 12.4;
					};
					5A301F0726218D2200EC2347 = {
						CreatedOnToolsVersion = 12.4;
						TestTargetID = 5A301EF126218D1F00EC2347;
					};
					5A301F1226218D2200EC2347 = {
						CreatedOnToolsVersion = 12.4;
						TestTargetID = 5A301EF126218D1F00EC2347;
					};
				};
			};
			buildConfigurationList = 5A301EED26218D1F00EC2347 /* Build configuration list for PBXProject "Stash" */;
			compatibilityVersion = "Xcode 9.3";
			developmentRegion = en;
			hasScannedForEncodings = 0;
			knownRegions = (
				en,
				Base,
				fr,
			);
			mainGroup = 5A301EE926218D1F00EC2347;
			packageReferences = (
				5AA267A926286CAF009FCEA4 /* XCRemoteSwiftPackageReference "Kingfisher" */,
			);
			productRefGroup = 5A301EF326218D2000EC2347 /* Products */;
			projectDirPath = "";
			projectRoot = "";
			targets = (
				5A301EF126218D1F00EC2347 /* Stash */,
				5A301F0726218D2200EC2347 /* StashTests */,
				5A301F1226218D2200EC2347 /* StashUITests */,
			);
		};
/* End PBXProject section */

/* Begin PBXResourcesBuildPhase section */
		5A301EF026218D1F00EC2347 /* Resources */ = {
			isa = PBXResourcesBuildPhase;
			buildActionMask = 2147483647;
			files = (
				5AB7AD1D2628ACCF0051696F /* Localizable.strings in Resources */,
				5A301F0226218D2200EC2347 /* LaunchScreen.storyboard in Resources */,
				5AC8398D26284BCC00A9F319 /* achievements.json in Resources */,
				5A301EFF26218D2200EC2347 /* Assets.xcassets in Resources */,
				5A301EFD26218D2000EC2347 /* Main.storyboard in Resources */,
			);
			runOnlyForDeploymentPostprocessing = 0;
		};
		5A301F0626218D2200EC2347 /* Resources */ = {
			isa = PBXResourcesBuildPhase;
			buildActionMask = 2147483647;
			files = (
			);
			runOnlyForDeploymentPostprocessing = 0;
		};
		5A301F1126218D2200EC2347 /* Resources */ = {
			isa = PBXResourcesBuildPhase;
			buildActionMask = 2147483647;
			files = (
			);
			runOnlyForDeploymentPostprocessing = 0;
		};
/* End PBXResourcesBuildPhase section */

/* Begin PBXShellScriptBuildPhase section */
		5AB7AD0126289EB90051696F /* ShellScript */ = {
			isa = PBXShellScriptBuildPhase;
			buildActionMask = 2147483647;
			files = (
			);
			inputFileListPaths = (
			);
			inputPaths = (
			);
			outputFileListPaths = (
			);
			outputPaths = (
			);
			runOnlyForDeploymentPostprocessing = 0;
			shellPath = /bin/sh;
			shellScript = "if which swiftlint >/dev/null; then\n  swiftlint\nelse\n  echo \"warning: SwiftLint not installed, download from https://github.com/realm/SwiftLint\"\nfi\n\n";
		};
/* End PBXShellScriptBuildPhase section */

/* Begin PBXSourcesBuildPhase section */
		5A301EEE26218D1F00EC2347 /* Sources */ = {
			isa = PBXSourcesBuildPhase;
			buildActionMask = 2147483647;
			files = (
				5AC8397A26283C8C00A9F319 /* AchievementsListInteractor.swift in Sources */,
				5AB7AD0B2628A62A0051696F /* AchievementListCell.swift in Sources */,
				5A301EFA26218D2000EC2347 /* AchievementsListViewController.swift in Sources */,
				5AC8398726284AE200A9F319 /* Achievement.swift in Sources */,
				5AC839A026284EBF00A9F319 /* AchievementError.swift in Sources */,
				5AC839722628393C00A9F319 /* AchievementsListPresenter.swift in Sources */,
				5AB7AD062628A2F30051696F /* AchievementListViewModel.swift in Sources */,
				5AC8397F2628477200A9F319 /* AchievementRepository.swift in Sources */,
				5AA2679026285C9E009FCEA4 /* AchievementsListRouter.swift in Sources */,
				5AC8399326284E4400A9F319 /* AchievementsListService.swift in Sources */,
				5A301EF626218D2000EC2347 /* AppDelegate.swift in Sources */,
				5A301EF826218D2000EC2347 /* SceneDelegate.swift in Sources */,
			);
			runOnlyForDeploymentPostprocessing = 0;
		};
		5A301F0426218D2200EC2347 /* Sources */ = {
			isa = PBXSourcesBuildPhase;
			buildActionMask = 2147483647;
			files = (
				5AB7AD292628B1560051696F /* AchievementsListPresenterTests.swift in Sources */,
				5A301F0D26218D2200EC2347 /* StashTests.swift in Sources */,
			);
			runOnlyForDeploymentPostprocessing = 0;
		};
		5A301F0F26218D2200EC2347 /* Sources */ = {
			isa = PBXSourcesBuildPhase;
			buildActionMask = 2147483647;
			files = (
				5A301F1826218D2200EC2347 /* StashUITests.swift in Sources */,
			);
			runOnlyForDeploymentPostprocessing = 0;
		};
/* End PBXSourcesBuildPhase section */

/* Begin PBXTargetDependency section */
		5A301F0A26218D2200EC2347 /* PBXTargetDependency */ = {
			isa = PBXTargetDependency;
			target = 5A301EF126218D1F00EC2347 /* Stash */;
			targetProxy = 5A301F0926218D2200EC2347 /* PBXContainerItemProxy */;
		};
		5A301F1526218D2200EC2347 /* PBXTargetDependency */ = {
			isa = PBXTargetDependency;
			target = 5A301EF126218D1F00EC2347 /* Stash */;
			targetProxy = 5A301F1426218D2200EC2347 /* PBXContainerItemProxy */;
		};
/* End PBXTargetDependency section */

/* Begin PBXVariantGroup section */
		5A301EFB26218D2000EC2347 /* Main.storyboard */ = {
			isa = PBXVariantGroup;
			children = (
				5A301EFC26218D2000EC2347 /* Base */,
				5AB7AD192628AC330051696F /* fr */,
			);
			name = Main.storyboard;
			sourceTree = "<group>";
		};
		5A301F0026218D2200EC2347 /* LaunchScreen.storyboard */ = {
			isa = PBXVariantGroup;
			children = (
				5A301F0126218D2200EC2347 /* Base */,
				5AB7AD182628AC330051696F /* fr */,
			);
			name = LaunchScreen.storyboard;
			sourceTree = "<group>";
		};
		5AB7AD1F2628ACCF0051696F /* Localizable.strings */ = {
			isa = PBXVariantGroup;
			children = (
				5AB7AD1E2628ACCF0051696F /* en */,
				5AB7AD232628AD310051696F /* fr */,
			);
			name = Localizable.strings;
			sourceTree = "<group>";
		};
/* End PBXVariantGroup section */

/* Begin XCBuildConfiguration section */
		5A301F1A26218D2200EC2347 /* Debug */ = {
			isa = XCBuildConfiguration;
			buildSettings = {
				ALWAYS_SEARCH_USER_PATHS = NO;
				CLANG_ANALYZER_LOCALIZABILITY_NONLOCALIZED = YES;
				CLANG_ANALYZER_NONNULL = YES;
				CLANG_ANALYZER_NUMBER_OBJECT_CONVERSION = YES_AGGRESSIVE;
				CLANG_CXX_LANGUAGE_STANDARD = "gnu++14";
				CLANG_CXX_LIBRARY = "libc++";
				CLANG_ENABLE_MODULES = YES;
				CLANG_ENABLE_OBJC_ARC = YES;
				CLANG_ENABLE_OBJC_WEAK = YES;
				CLANG_WARN_BLOCK_CAPTURE_AUTORELEASING = YES;
				CLANG_WARN_BOOL_CONVERSION = YES;
				CLANG_WARN_COMMA = YES;
				CLANG_WARN_CONSTANT_CONVERSION = YES;
				CLANG_WARN_DEPRECATED_OBJC_IMPLEMENTATIONS = YES;
				CLANG_WARN_DIRECT_OBJC_ISA_USAGE = YES_ERROR;
				CLANG_WARN_DOCUMENTATION_COMMENTS = YES;
				CLANG_WARN_EMPTY_BODY = YES;
				CLANG_WARN_ENUM_CONVERSION = YES;
				CLANG_WARN_INFINITE_RECURSION = YES;
				CLANG_WARN_INT_CONVERSION = YES;
				CLANG_WARN_NON_LITERAL_NULL_CONVERSION = YES;
				CLANG_WARN_OBJC_IMPLICIT_RETAIN_SELF = YES;
				CLANG_WARN_OBJC_LITERAL_CONVERSION = YES;
				CLANG_WARN_OBJC_ROOT_CLASS = YES_ERROR;
				CLANG_WARN_QUOTED_INCLUDE_IN_FRAMEWORK_HEADER = YES;
				CLANG_WARN_RANGE_LOOP_ANALYSIS = YES;
				CLANG_WARN_STRICT_PROTOTYPES = YES;
				CLANG_WARN_SUSPICIOUS_MOVE = YES;
				CLANG_WARN_UNGUARDED_AVAILABILITY = YES_AGGRESSIVE;
				CLANG_WARN_UNREACHABLE_CODE = YES;
				CLANG_WARN__DUPLICATE_METHOD_MATCH = YES;
				COPY_PHASE_STRIP = NO;
				DEBUG_INFORMATION_FORMAT = dwarf;
				ENABLE_STRICT_OBJC_MSGSEND = YES;
				ENABLE_TESTABILITY = YES;
				GCC_C_LANGUAGE_STANDARD = gnu11;
				GCC_DYNAMIC_NO_PIC = NO;
				GCC_NO_COMMON_BLOCKS = YES;
				GCC_OPTIMIZATION_LEVEL = 0;
				GCC_PREPROCESSOR_DEFINITIONS = (
					"DEBUG=1",
					"$(inherited)",
				);
				GCC_WARN_64_TO_32_BIT_CONVERSION = YES;
				GCC_WARN_ABOUT_RETURN_TYPE = YES_ERROR;
				GCC_WARN_UNDECLARED_SELECTOR = YES;
				GCC_WARN_UNINITIALIZED_AUTOS = YES_AGGRESSIVE;
				GCC_WARN_UNUSED_FUNCTION = YES;
				GCC_WARN_UNUSED_VARIABLE = YES;
				IPHONEOS_DEPLOYMENT_TARGET = 14.4;
				MTL_ENABLE_DEBUG_INFO = INCLUDE_SOURCE;
				MTL_FAST_MATH = YES;
				ONLY_ACTIVE_ARCH = YES;
				SDKROOT = iphoneos;
				SWIFT_ACTIVE_COMPILATION_CONDITIONS = DEBUG;
				SWIFT_OPTIMIZATION_LEVEL = "-Onone";
			};
			name = Debug;
		};
		5A301F1B26218D2200EC2347 /* Release */ = {
			isa = XCBuildConfiguration;
			buildSettings = {
				ALWAYS_SEARCH_USER_PATHS = NO;
				CLANG_ANALYZER_LOCALIZABILITY_NONLOCALIZED = YES;
				CLANG_ANALYZER_NONNULL = YES;
				CLANG_ANALYZER_NUMBER_OBJECT_CONVERSION = YES_AGGRESSIVE;
				CLANG_CXX_LANGUAGE_STANDARD = "gnu++14";
				CLANG_CXX_LIBRARY = "libc++";
				CLANG_ENABLE_MODULES = YES;
				CLANG_ENABLE_OBJC_ARC = YES;
				CLANG_ENABLE_OBJC_WEAK = YES;
				CLANG_WARN_BLOCK_CAPTURE_AUTORELEASING = YES;
				CLANG_WARN_BOOL_CONVERSION = YES;
				CLANG_WARN_COMMA = YES;
				CLANG_WARN_CONSTANT_CONVERSION = YES;
				CLANG_WARN_DEPRECATED_OBJC_IMPLEMENTATIONS = YES;
				CLANG_WARN_DIRECT_OBJC_ISA_USAGE = YES_ERROR;
				CLANG_WARN_DOCUMENTATION_COMMENTS = YES;
				CLANG_WARN_EMPTY_BODY = YES;
				CLANG_WARN_ENUM_CONVERSION = YES;
				CLANG_WARN_INFINITE_RECURSION = YES;
				CLANG_WARN_INT_CONVERSION = YES;
				CLANG_WARN_NON_LITERAL_NULL_CONVERSION = YES;
				CLANG_WARN_OBJC_IMPLICIT_RETAIN_SELF = YES;
				CLANG_WARN_OBJC_LITERAL_CONVERSION = YES;
				CLANG_WARN_OBJC_ROOT_CLASS = YES_ERROR;
				CLANG_WARN_QUOTED_INCLUDE_IN_FRAMEWORK_HEADER = YES;
				CLANG_WARN_RANGE_LOOP_ANALYSIS = YES;
				CLANG_WARN_STRICT_PROTOTYPES = YES;
				CLANG_WARN_SUSPICIOUS_MOVE = YES;
				CLANG_WARN_UNGUARDED_AVAILABILITY = YES_AGGRESSIVE;
				CLANG_WARN_UNREACHABLE_CODE = YES;
				CLANG_WARN__DUPLICATE_METHOD_MATCH = YES;
				COPY_PHASE_STRIP = NO;
				DEBUG_INFORMATION_FORMAT = "dwarf-with-dsym";
				ENABLE_NS_ASSERTIONS = NO;
				ENABLE_STRICT_OBJC_MSGSEND = YES;
				GCC_C_LANGUAGE_STANDARD = gnu11;
				GCC_NO_COMMON_BLOCKS = YES;
				GCC_WARN_64_TO_32_BIT_CONVERSION = YES;
				GCC_WARN_ABOUT_RETURN_TYPE = YES_ERROR;
				GCC_WARN_UNDECLARED_SELECTOR = YES;
				GCC_WARN_UNINITIALIZED_AUTOS = YES_AGGRESSIVE;
				GCC_WARN_UNUSED_FUNCTION = YES;
				GCC_WARN_UNUSED_VARIABLE = YES;
				IPHONEOS_DEPLOYMENT_TARGET = 14.4;
				MTL_ENABLE_DEBUG_INFO = NO;
				MTL_FAST_MATH = YES;
				SDKROOT = iphoneos;
				SWIFT_COMPILATION_MODE = wholemodule;
				SWIFT_OPTIMIZATION_LEVEL = "-O";
				VALIDATE_PRODUCT = YES;
			};
			name = Release;
		};
		5A301F1D26218D2200EC2347 /* Debug */ = {
			isa = XCBuildConfiguration;
			buildSettings = {
				ASSETCATALOG_COMPILER_APPICON_NAME = AppIcon;
				ASSETCATALOG_COMPILER_GLOBAL_ACCENT_COLOR_NAME = AccentColor;
				CODE_SIGN_STYLE = Automatic;
				INFOPLIST_FILE = Stash/Resources/Info.plist;
				LD_RUNPATH_SEARCH_PATHS = (
					"$(inherited)",
					"@executable_path/Frameworks",
				);
				PRODUCT_BUNDLE_IDENTIFIER = com.StashTest.Stash;
				PRODUCT_NAME = "$(TARGET_NAME)";
				SWIFT_VERSION = 5.0;
				TARGETED_DEVICE_FAMILY = "1,2";
			};
			name = Debug;
		};
		5A301F1E26218D2200EC2347 /* Release */ = {
			isa = XCBuildConfiguration;
			buildSettings = {
				ASSETCATALOG_COMPILER_APPICON_NAME = AppIcon;
				ASSETCATALOG_COMPILER_GLOBAL_ACCENT_COLOR_NAME = AccentColor;
				CODE_SIGN_STYLE = Automatic;
				INFOPLIST_FILE = Stash/Resources/Info.plist;
				LD_RUNPATH_SEARCH_PATHS = (
					"$(inherited)",
					"@executable_path/Frameworks",
				);
				PRODUCT_BUNDLE_IDENTIFIER = com.StashTest.Stash;
				PRODUCT_NAME = "$(TARGET_NAME)";
				SWIFT_VERSION = 5.0;
				TARGETED_DEVICE_FAMILY = "1,2";
			};
			name = Release;
		};
		5A301F2026218D2200EC2347 /* Debug */ = {
			isa = XCBuildConfiguration;
			buildSettings = {
				ALWAYS_EMBED_SWIFT_STANDARD_LIBRARIES = YES;
				BUNDLE_LOADER = "$(TEST_HOST)";
				CODE_SIGN_STYLE = Automatic;
				INFOPLIST_FILE = StashTests/Info.plist;
				IPHONEOS_DEPLOYMENT_TARGET = 14.4;
				LD_RUNPATH_SEARCH_PATHS = (
					"$(inherited)",
					"@executable_path/Frameworks",
					"@loader_path/Frameworks",
				);
				PRODUCT_BUNDLE_IDENTIFIER = com.StashTest.StashTests;
				PRODUCT_NAME = "$(TARGET_NAME)";
				SWIFT_VERSION = 5.0;
				TARGETED_DEVICE_FAMILY = "1,2";
				TEST_HOST = "$(BUILT_PRODUCTS_DIR)/Stash.app/Stash";
			};
			name = Debug;
		};
		5A301F2126218D2200EC2347 /* Release */ = {
			isa = XCBuildConfiguration;
			buildSettings = {
				ALWAYS_EMBED_SWIFT_STANDARD_LIBRARIES = YES;
				BUNDLE_LOADER = "$(TEST_HOST)";
				CODE_SIGN_STYLE = Automatic;
				INFOPLIST_FILE = StashTests/Info.plist;
				IPHONEOS_DEPLOYMENT_TARGET = 14.4;
				LD_RUNPATH_SEARCH_PATHS = (
					"$(inherited)",
					"@executable_path/Frameworks",
					"@loader_path/Frameworks",
				);
				PRODUCT_BUNDLE_IDENTIFIER = com.StashTest.StashTests;
				PRODUCT_NAME = "$(TARGET_NAME)";
				SWIFT_VERSION = 5.0;
				TARGETED_DEVICE_FAMILY = "1,2";
				TEST_HOST = "$(BUILT_PRODUCTS_DIR)/Stash.app/Stash";
			};
			name = Release;
		};
		5A301F2326218D2200EC2347 /* Debug */ = {
			isa = XCBuildConfiguration;
			buildSettings = {
				ALWAYS_EMBED_SWIFT_STANDARD_LIBRARIES = YES;
				CODE_SIGN_STYLE = Automatic;
				INFOPLIST_FILE = StashUITests/Info.plist;
				LD_RUNPATH_SEARCH_PATHS = (
					"$(inherited)",
					"@executable_path/Frameworks",
					"@loader_path/Frameworks",
				);
				PRODUCT_BUNDLE_IDENTIFIER = com.StashTest.StashUITests;
				PRODUCT_NAME = "$(TARGET_NAME)";
				SWIFT_VERSION = 5.0;
				TARGETED_DEVICE_FAMILY = "1,2";
				TEST_TARGET_NAME = Stash;
			};
			name = Debug;
		};
		5A301F2426218D2200EC2347 /* Release */ = {
			isa = XCBuildConfiguration;
			buildSettings = {
				ALWAYS_EMBED_SWIFT_STANDARD_LIBRARIES = YES;
				CODE_SIGN_STYLE = Automatic;
				INFOPLIST_FILE = StashUITests/Info.plist;
				LD_RUNPATH_SEARCH_PATHS = (
					"$(inherited)",
					"@executable_path/Frameworks",
					"@loader_path/Frameworks",
				);
				PRODUCT_BUNDLE_IDENTIFIER = com.StashTest.StashUITests;
				PRODUCT_NAME = "$(TARGET_NAME)";
				SWIFT_VERSION = 5.0;
				TARGETED_DEVICE_FAMILY = "1,2";
				TEST_TARGET_NAME = Stash;
			};
			name = Release;
		};
/* End XCBuildConfiguration section */

/* Begin XCConfigurationList section */
		5A301EED26218D1F00EC2347 /* Build configuration list for PBXProject "Stash" */ = {
			isa = XCConfigurationList;
			buildConfigurations = (
				5A301F1A26218D2200EC2347 /* Debug */,
				5A301F1B26218D2200EC2347 /* Release */,
			);
			defaultConfigurationIsVisible = 0;
			defaultConfigurationName = Release;
		};
		5A301F1C26218D2200EC2347 /* Build configuration list for PBXNativeTarget "Stash" */ = {
			isa = XCConfigurationList;
			buildConfigurations = (
				5A301F1D26218D2200EC2347 /* Debug */,
				5A301F1E26218D2200EC2347 /* Release */,
			);
			defaultConfigurationIsVisible = 0;
			defaultConfigurationName = Release;
		};
		5A301F1F26218D2200EC2347 /* Build configuration list for PBXNativeTarget "StashTests" */ = {
			isa = XCConfigurationList;
			buildConfigurations = (
				5A301F2026218D2200EC2347 /* Debug */,
				5A301F2126218D2200EC2347 /* Release */,
			);
			defaultConfigurationIsVisible = 0;
			defaultConfigurationName = Release;
		};
		5A301F2226218D2200EC2347 /* Build configuration list for PBXNativeTarget "StashUITests" */ = {
			isa = XCConfigurationList;
			buildConfigurations = (
				5A301F2326218D2200EC2347 /* Debug */,
				5A301F2426218D2200EC2347 /* Release */,
			);
			defaultConfigurationIsVisible = 0;
			defaultConfigurationName = Release;
		};
/* End XCConfigurationList section */

/* Begin XCRemoteSwiftPackageReference section */
		5AA267A926286CAF009FCEA4 /* XCRemoteSwiftPackageReference "Kingfisher" */ = {
			isa = XCRemoteSwiftPackageReference;
			repositoryURL = "https://github.com/onevcat/Kingfisher.git";
			requirement = {
				kind = upToNextMajorVersion;
				minimumVersion = 6.2.1;
			};
		};
/* End XCRemoteSwiftPackageReference section */

/* Begin XCSwiftPackageProductDependency section */
		5AA267AA26286CAF009FCEA4 /* Kingfisher */ = {
			isa = XCSwiftPackageProductDependency;
			package = 5AA267A926286CAF009FCEA4 /* XCRemoteSwiftPackageReference "Kingfisher" */;
			productName = Kingfisher;
		};
/* End XCSwiftPackageProductDependency section */
	};
	rootObject = 5A301EEA26218D1F00EC2347 /* Project object */;
}
